
Microsoft Visual Studio Solution File, Format Version 12.00
# Visual Studio Version 17
VisualStudioVersion = 17.0.32112.339
MinimumVisualStudioVersion = 10.0.40219.1
Project("{9A19103F-16F7-4668-BE54-9A1E7A4F7556}") = "CloudInform", "CloudInform\CloudInform\CloudInform.csproj", "{D5AE66E6-05E5-4E59-8CBB-79DAAD362FA4}"
EndProject
Project("{9A19103F-16F7-4668-BE54-9A1E7A4F7556}") = "CloudInform-PS-API", "CloudInformPS\CloudInform-PS-API.csproj", "{48A691E3-D735-4DA8-B3CF-5074E3C5A505}"
EndProject
Global
	GlobalSection(SolutionConfigurationPlatforms) = preSolution
		Debug|Any CPU = Debug|Any CPU
		Release|Any CPU = Release|Any CPU
	EndGlobalSection
	GlobalSection(ProjectConfigurationPlatforms) = postSolution
		{D5AE66E6-05E5-4E59-8CBB-79DAAD362FA4}.Debug|Any CPU.ActiveCfg = Debug|Any CPU
		{D5AE66E6-05E5-4E59-8CBB-79DAAD362FA4}.Debug|Any CPU.Build.0 = Debug|Any CPU
		{D5AE66E6-05E5-4E59-8CBB-79DAAD362FA4}.Release|Any CPU.ActiveCfg = Release|Any CPU
		{D5AE66E6-05E5-4E59-8CBB-79DAAD362FA4}.Release|Any CPU.Build.0 = Release|Any CPU
		{48A691E3-D735-4DA8-B3CF-5074E3C5A505}.Debug|Any CPU.ActiveCfg = Debug|Any CPU
		{48A691E3-D735-4DA8-B3CF-5074E3C5A505}.Debug|Any CPU.Build.0 = Debug|Any CPU
		{48A691E3-D735-4DA8-B3CF-5074E3C5A505}.Release|Any CPU.ActiveCfg = Release|Any CPU
		{48A691E3-D735-4DA8-B3CF-5074E3C5A505}.Release|Any CPU.Build.0 = Release|Any CPU
	EndGlobalSection
	GlobalSection(SolutionProperties) = preSolution
		HideSolutionNode = FALSE
	EndGlobalSection
	GlobalSection(ExtensibilityGlobals) = postSolution
		SolutionGuid = {6E1221CE-754C-48AB-A72D-E286EB249A06}
	EndGlobalSection
EndGlobal
